// !$*UTF8*$!
{
	archiveVersion = 1;
	classes = {
	};
	objectVersion = 55;
	objects = {

/* Begin PBXBuildFile section */
		791A4AA1282775CF008395BF /* Redux_patternApp.swift in Sources */ = {isa = PBXBuildFile; fileRef = 791A4AA0282775CF008395BF /* Redux_patternApp.swift */; };
		791A4AA3282775CF008395BF /* ContentView.swift in Sources */ = {isa = PBXBuildFile; fileRef = 791A4AA2282775CF008395BF /* ContentView.swift */; };
		791A4AA5282775D1008395BF /* Assets.xcassets in Resources */ = {isa = PBXBuildFile; fileRef = 791A4AA4282775D1008395BF /* Assets.xcassets */; };
		791A4AA8282775D1008395BF /* Preview Assets.xcassets in Resources */ = {isa = PBXBuildFile; fileRef = 791A4AA7282775D1008395BF /* Preview Assets.xcassets */; };
		791A4AB2282775D1008395BF /* Redux_patternTests.swift in Sources */ = {isa = PBXBuildFile; fileRef = 791A4AB1282775D1008395BF /* Redux_patternTests.swift */; };
		791A4ABC282775D1008395BF /* Redux_patternUITests.swift in Sources */ = {isa = PBXBuildFile; fileRef = 791A4ABB282775D1008395BF /* Redux_patternUITests.swift */; };
		791A4ABE282775D1008395BF /* Redux_patternUITestsLaunchTests.swift in Sources */ = {isa = PBXBuildFile; fileRef = 791A4ABD282775D1008395BF /* Redux_patternUITestsLaunchTests.swift */; };
		791A4ACD282775F4008395BF /* Store.swift in Sources */ = {isa = PBXBuildFile; fileRef = 791A4ACC282775F4008395BF /* Store.swift */; };
		791A4B082827AF37008395BF /* CounterReducer.swift in Sources */ = {isa = PBXBuildFile; fileRef = 791A4B072827AF37008395BF /* CounterReducer.swift */; };
		791A4B092827AF37008395BF /* AppReducer.swift in Sources */ = {isa = PBXBuildFile; fileRef = 791A4B062827AF37008395BF /* AppReducer.swift */; };
		791A4B0C2827B5B9008395BF /* Task.swift in Sources */ = {isa = PBXBuildFile; fileRef = 791A4B0B2827B5B9008395BF /* Task.swift */; };
		791A4B102827B67E008395BF /* TaskReducer.swift in Sources */ = {isa = PBXBuildFile; fileRef = 791A4B0F2827B67E008395BF /* TaskReducer.swift */; };
		791A4B122827B89B008395BF /* AddTaskView.swift in Sources */ = {isa = PBXBuildFile; fileRef = 791A4B112827B89B008395BF /* AddTaskView.swift */; };
		791A4B66282E4537008395BF /* LogMiddleware.swift in Sources */ = {isa = PBXBuildFile; fileRef = 791A4B65282E4537008395BF /* LogMiddleware.swift */; };
		791A4B69282E4602008395BF /* IncrementModdileware.swift in Sources */ = {isa = PBXBuildFile; fileRef = 791A4B68282E4602008395BF /* IncrementModdileware.swift */; };
/* End PBXBuildFile section */

/* Begin PBXContainerItemProxy section */
		791A4AAE282775D1008395BF /* PBXContainerItemProxy */ = {
			isa = PBXContainerItemProxy;
			containerPortal = 791A4A95282775CF008395BF /* Project object */;
			proxyType = 1;
			remoteGlobalIDString = 791A4A9C282775CF008395BF;
			remoteInfo = "Redux pattern";
		};
		791A4AB8282775D1008395BF /* PBXContainerItemProxy */ = {
			isa = PBXContainerItemProxy;
			containerPortal = 791A4A95282775CF008395BF /* Project object */;
			proxyType = 1;
			remoteGlobalIDString = 791A4A9C282775CF008395BF;
			remoteInfo = "Redux pattern";
		};
/* End PBXContainerItemProxy section */

/* Begin PBXFileReference section */
		791A4A9D282775CF008395BF /* Redux pattern.app */ = {isa = PBXFileReference; explicitFileType = wrapper.application; includeInIndex = 0; path = "Redux pattern.app"; sourceTree = BUILT_PRODUCTS_DIR; };
		791A4AA0282775CF008395BF /* Redux_patternApp.swift */ = {isa = PBXFileReference; lastKnownFileType = sourcecode.swift; path = Redux_patternApp.swift; sourceTree = "<group>"; };
		791A4AA2282775CF008395BF /* ContentView.swift */ = {isa = PBXFileReference; lastKnownFileType = sourcecode.swift; path = ContentView.swift; sourceTree = "<group>"; };
		791A4AA4282775D1008395BF /* Assets.xcassets */ = {isa = PBXFileReference; lastKnownFileType = folder.assetcatalog; path = Assets.xcassets; sourceTree = "<group>"; };
		791A4AA7282775D1008395BF /* Preview Assets.xcassets */ = {isa = PBXFileReference; lastKnownFileType = folder.assetcatalog; path = "Preview Assets.xcassets"; sourceTree = "<group>"; };
		791A4AAD282775D1008395BF /* Redux patternTests.xctest */ = {isa = PBXFileReference; explicitFileType = wrapper.cfbundle; includeInIndex = 0; path = "Redux patternTests.xctest"; sourceTree = BUILT_PRODUCTS_DIR; };
		791A4AB1282775D1008395BF /* Redux_patternTests.swift */ = {isa = PBXFileReference; lastKnownFileType = sourcecode.swift; path = Redux_patternTests.swift; sourceTree = "<group>"; };
		791A4AB7282775D1008395BF /* Redux patternUITests.xctest */ = {isa = PBXFileReference; explicitFileType = wrapper.cfbundle; includeInIndex = 0; path = "Redux patternUITests.xctest"; sourceTree = BUILT_PRODUCTS_DIR; };
		791A4ABB282775D1008395BF /* Redux_patternUITests.swift */ = {isa = PBXFileReference; lastKnownFileType = sourcecode.swift; path = Redux_patternUITests.swift; sourceTree = "<group>"; };
		791A4ABD282775D1008395BF /* Redux_patternUITestsLaunchTests.swift */ = {isa = PBXFileReference; lastKnownFileType = sourcecode.swift; path = Redux_patternUITestsLaunchTests.swift; sourceTree = "<group>"; };
		791A4ACC282775F4008395BF /* Store.swift */ = {isa = PBXFileReference; lastKnownFileType = sourcecode.swift; path = Store.swift; sourceTree = "<group>"; };
		791A4B062827AF37008395BF /* AppReducer.swift */ = {isa = PBXFileReference; lastKnownFileType = sourcecode.swift; path = AppReducer.swift; sourceTree = "<group>"; };
		791A4B072827AF37008395BF /* CounterReducer.swift */ = {isa = PBXFileReference; lastKnownFileType = sourcecode.swift; path = CounterReducer.swift; sourceTree = "<group>"; };
		791A4B0B2827B5B9008395BF /* Task.swift */ = {isa = PBXFileReference; fileEncoding = 4; lastKnownFileType = sourcecode.swift; path = Task.swift; sourceTree = "<group>"; };
		791A4B0F2827B67E008395BF /* TaskReducer.swift */ = {isa = PBXFileReference; fileEncoding = 4; lastKnownFileType = sourcecode.swift; path = TaskReducer.swift; sourceTree = "<group>"; };
		791A4B112827B89B008395BF /* AddTaskView.swift */ = {isa = PBXFileReference; fileEncoding = 4; lastKnownFileType = sourcecode.swift; path = AddTaskView.swift; sourceTree = "<group>"; };
		791A4B65282E4537008395BF /* LogMiddleware.swift */ = {isa = PBXFileReference; lastKnownFileType = sourcecode.swift; path = LogMiddleware.swift; sourceTree = "<group>"; };
		791A4B68282E4602008395BF /* IncrementModdileware.swift */ = {isa = PBXFileReference; lastKnownFileType = sourcecode.swift; path = IncrementModdileware.swift; sourceTree = "<group>"; };
/* End PBXFileReference section */

/* Begin PBXFrameworksBuildPhase section */
		791A4A9A282775CF008395BF /* Frameworks */ = {
			isa = PBXFrameworksBuildPhase;
			buildActionMask = 2147483647;
			files = (
			);
			runOnlyForDeploymentPostprocessing = 0;
		};
		791A4AAA282775D1008395BF /* Frameworks */ = {
			isa = PBXFrameworksBuildPhase;
			buildActionMask = 2147483647;
			files = (
			);
			runOnlyForDeploymentPostprocessing = 0;
		};
		791A4AB4282775D1008395BF /* Frameworks */ = {
			isa = PBXFrameworksBuildPhase;
			buildActionMask = 2147483647;
			files = (
			);
			runOnlyForDeploymentPostprocessing = 0;
		};
/* End PBXFrameworksBuildPhase section */

/* Begin PBXGroup section */
		791A4A94282775CF008395BF = {
			isa = PBXGroup;
			children = (
				791A4A9F282775CF008395BF /* Redux pattern */,
				791A4AB0282775D1008395BF /* Redux patternTests */,
				791A4ABA282775D1008395BF /* Redux patternUITests */,
				791A4A9E282775CF008395BF /* Products */,
			);
			sourceTree = "<group>";
		};
		791A4A9E282775CF008395BF /* Products */ = {
			isa = PBXGroup;
			children = (
				791A4A9D282775CF008395BF /* Redux pattern.app */,
				791A4AAD282775D1008395BF /* Redux patternTests.xctest */,
				791A4AB7282775D1008395BF /* Redux patternUITests.xctest */,
			);
			name = Products;
			sourceTree = "<group>";
		};
		791A4A9F282775CF008395BF /* Redux pattern */ = {
			isa = PBXGroup;
			children = (
				791A4B67282E453F008395BF /* middlewares */,
				791A4AA0282775CF008395BF /* Redux_patternApp.swift */,
				791A4B112827B89B008395BF /* AddTaskView.swift */,
				791A4B0A2827B57C008395BF /* Models */,
				791A4ACB282775E5008395BF /* Store */,
				791A4AA2282775CF008395BF /* ContentView.swift */,
				791A4AA4282775D1008395BF /* Assets.xcassets */,
				791A4AA6282775D1008395BF /* Preview Content */,
			);
			path = "Redux pattern";
			sourceTree = "<group>";
		};
		791A4AA6282775D1008395BF /* Preview Content */ = {
			isa = PBXGroup;
			children = (
				791A4AA7282775D1008395BF /* Preview Assets.xcassets */,
			);
			path = "Preview Content";
			sourceTree = "<group>";
		};
		791A4AB0282775D1008395BF /* Redux patternTests */ = {
			isa = PBXGroup;
			children = (
				791A4AB1282775D1008395BF /* Redux_patternTests.swift */,
			);
			path = "Redux patternTests";
			sourceTree = "<group>";
		};
		791A4ABA282775D1008395BF /* Redux patternUITests */ = {
			isa = PBXGroup;
			children = (
				791A4ABB282775D1008395BF /* Redux_patternUITests.swift */,
				791A4ABD282775D1008395BF /* Redux_patternUITestsLaunchTests.swift */,
			);
			path = "Redux patternUITests";
			sourceTree = "<group>";
		};
		791A4ACB282775E5008395BF /* Store */ = {
			isa = PBXGroup;
			children = (
				791A4B0D2827B65B008395BF /* reducers */,
				791A4ACC282775F4008395BF /* Store.swift */,
			);
			path = Store;
			sourceTree = "<group>";
		};
		791A4B0A2827B57C008395BF /* Models */ = {
			isa = PBXGroup;
			children = (
				791A4B0B2827B5B9008395BF /* Task.swift */,
			);
			path = Models;
			sourceTree = "<group>";
		};
		791A4B0D2827B65B008395BF /* reducers */ = {
			isa = PBXGroup;
			children = (
				791A4B062827AF37008395BF /* AppReducer.swift */,
				791A4B072827AF37008395BF /* CounterReducer.swift */,
				791A4B0F2827B67E008395BF /* TaskReducer.swift */,
			);
			path = reducers;
			sourceTree = "<group>";
		};
		791A4B67282E453F008395BF /* middlewares */ = {
			isa = PBXGroup;
			children = (
				791A4B65282E4537008395BF /* LogMiddleware.swift */,
				791A4B68282E4602008395BF /* IncrementModdileware.swift */,
			);
			path = middlewares;
			sourceTree = "<group>";
		};
/* End PBXGroup section */

/* Begin PBXNativeTarget section */
		791A4A9C282775CF008395BF /* Redux pattern */ = {
			isa = PBXNativeTarget;
			buildConfigurationList = 791A4AC1282775D1008395BF /* Build configuration list for PBXNativeTarget "Redux pattern" */;
			buildPhases = (
				791A4A99282775CF008395BF /* Sources */,
				791A4A9A282775CF008395BF /* Frameworks */,
				791A4A9B282775CF008395BF /* Resources */,
			);
			buildRules = (
			);
			dependencies = (
			);
			name = "Redux pattern";
			packageProductDependencies = (
			);
			productName = "Redux pattern";
			productReference = 791A4A9D282775CF008395BF /* Redux pattern.app */;
			productType = "com.apple.product-type.application";
		};
		791A4AAC282775D1008395BF /* Redux patternTests */ = {
			isa = PBXNativeTarget;
			buildConfigurationList = 791A4AC4282775D1008395BF /* Build configuration list for PBXNativeTarget "Redux patternTests" */;
			buildPhases = (
				791A4AA9282775D1008395BF /* Sources */,
				791A4AAA282775D1008395BF /* Frameworks */,
				791A4AAB282775D1008395BF /* Resources */,
			);
			buildRules = (
			);
			dependencies = (
				791A4AAF282775D1008395BF /* PBXTargetDependency */,
			);
			name = "Redux patternTests";
			productName = "Redux patternTests";
			productReference = 791A4AAD282775D1008395BF /* Redux patternTests.xctest */;
			productType = "com.apple.product-type.bundle.unit-test";
		};
		791A4AB6282775D1008395BF /* Redux patternUITests */ = {
			isa = PBXNativeTarget;
			buildConfigurationList = 791A4AC7282775D1008395BF /* Build configuration list for PBXNativeTarget "Redux patternUITests" */;
			buildPhases = (
				791A4AB3282775D1008395BF /* Sources */,
				791A4AB4282775D1008395BF /* Frameworks */,
				791A4AB5282775D1008395BF /* Resources */,
			);
			buildRules = (
			);
			dependencies = (
				791A4AB9282775D1008395BF /* PBXTargetDependency */,
			);
			name = "Redux patternUITests";
			productName = "Redux patternUITests";
			productReference = 791A4AB7282775D1008395BF /* Redux patternUITests.xctest */;
			productType = "com.apple.product-type.bundle.ui-testing";
		};
/* End PBXNativeTarget section */

/* Begin PBXProject section */
		791A4A95282775CF008395BF /* Project object */ = {
			isa = PBXProject;
			attributes = {
				BuildIndependentTargetsInParallel = 1;
				LastSwiftUpdateCheck = 1330;
				LastUpgradeCheck = 1330;
				TargetAttributes = {
					791A4A9C282775CF008395BF = {
						CreatedOnToolsVersion = 13.3.1;
					};
					791A4AAC282775D1008395BF = {
						CreatedOnToolsVersion = 13.3.1;
						TestTargetID = 791A4A9C282775CF008395BF;
					};
					791A4AB6282775D1008395BF = {
						CreatedOnToolsVersion = 13.3.1;
						TestTargetID = 791A4A9C282775CF008395BF;
					};
				};
			};
			buildConfigurationList = 791A4A98282775CF008395BF /* Build configuration list for PBXProject "Redux pattern" */;
			compatibilityVersion = "Xcode 13.0";
			developmentRegion = en;
			hasScannedForEncodings = 0;
			knownRegions = (
				en,
				Base,
			);
			mainGroup = 791A4A94282775CF008395BF;
			packageReferences = (
			);
			productRefGroup = 791A4A9E282775CF008395BF /* Products */;
			projectDirPath = "";
			projectRoot = "";
			targets = (
				791A4A9C282775CF008395BF /* Redux pattern */,
				791A4AAC282775D1008395BF /* Redux patternTests */,
				791A4AB6282775D1008395BF /* Redux patternUITests */,
			);
		};
/* End PBXProject section */

/* Begin PBXResourcesBuildPhase section */
		791A4A9B282775CF008395BF /* Resources */ = {
			isa = PBXResourcesBuildPhase;
			buildActionMask = 2147483647;
			files = (
				791A4AA8282775D1008395BF /* Preview Assets.xcassets in Resources */,
				791A4AA5282775D1008395BF /* Assets.xcassets in Resources */,
			);
			runOnlyForDeploymentPostprocessing = 0;
		};
		791A4AAB282775D1008395BF /* Resources */ = {
			isa = PBXResourcesBuildPhase;
			buildActionMask = 2147483647;
			files = (
			);
			runOnlyForDeploymentPostprocessing = 0;
		};
		791A4AB5282775D1008395BF /* Resources */ = {
			isa = PBXResourcesBuildPhase;
			buildActionMask = 2147483647;
			files = (
			);
			runOnlyForDeploymentPostprocessing = 0;
		};
/* End PBXResourcesBuildPhase section */

/* Begin PBXSourcesBuildPhase section */
		791A4A99282775CF008395BF /* Sources */ = {
			isa = PBXSourcesBuildPhase;
			buildActionMask = 2147483647;
			files = (
				791A4B092827AF37008395BF /* AppReducer.swift in Sources */,
				791A4B082827AF37008395BF /* CounterReducer.swift in Sources */,
				791A4ACD282775F4008395BF /* Store.swift in Sources */,
				791A4B122827B89B008395BF /* AddTaskView.swift in Sources */,
				791A4AA3282775CF008395BF /* ContentView.swift in Sources */,
				791A4B69282E4602008395BF /* IncrementModdileware.swift in Sources */,
				791A4B102827B67E008395BF /* TaskReducer.swift in Sources */,
				791A4B0C2827B5B9008395BF /* Task.swift in Sources */,
				791A4AA1282775CF008395BF /* Redux_patternApp.swift in Sources */,
				791A4B66282E4537008395BF /* LogMiddleware.swift in Sources */,
			);
			runOnlyForDeploymentPostprocessing = 0;
		};
		791A4AA9282775D1008395BF /* Sources */ = {
			isa = PBXSourcesBuildPhase;
			buildActionMask = 2147483647;
			files = (
				791A4AB2282775D1008395BF /* Redux_patternTests.swift in Sources */,
			);
			runOnlyForDeploymentPostprocessing = 0;
		};
		791A4AB3282775D1008395BF /* Sources */ = {
			isa = PBXSourcesBuildPhase;
			buildActionMask = 2147483647;
			files = (
				791A4ABE282775D1008395BF /* Redux_patternUITestsLaunchTests.swift in Sources */,
				791A4ABC282775D1008395BF /* Redux_patternUITests.swift in Sources */,
			);
			runOnlyForDeploymentPostprocessing = 0;
		};
/* End PBXSourcesBuildPhase section */

/* Begin PBXTargetDependency section */
		791A4AAF282775D1008395BF /* PBXTargetDependency */ = {
			isa = PBXTargetDependency;
			target = 791A4A9C282775CF008395BF /* Redux pattern */;
			targetProxy = 791A4AAE282775D1008395BF /* PBXContainerItemProxy */;
		};
		791A4AB9282775D1008395BF /* PBXTargetDependency */ = {
			isa = PBXTargetDependency;
			target = 791A4A9C282775CF008395BF /* Redux pattern */;
			targetProxy = 791A4AB8282775D1008395BF /* PBXContainerItemProxy */;
		};
/* End PBXTargetDependency section */

/* Begin XCBuildConfiguration section */
		791A4ABF282775D1008395BF /* Debug */ = {
			isa = XCBuildConfiguration;
			buildSettings = {
				ALWAYS_SEARCH_USER_PATHS = NO;
				CLANG_ANALYZER_NONNULL = YES;
				CLANG_ANALYZER_NUMBER_OBJECT_CONVERSION = YES_AGGRESSIVE;
				CLANG_CXX_LANGUAGE_STANDARD = "gnu++17";
				CLANG_ENABLE_MODULES = YES;
				CLANG_ENABLE_OBJC_ARC = YES;
				CLANG_ENABLE_OBJC_WEAK = YES;
				CLANG_WARN_BLOCK_CAPTURE_AUTORELEASING = YES;
				CLANG_WARN_BOOL_CONVERSION = YES;
				CLANG_WARN_COMMA = YES;
				CLANG_WARN_CONSTANT_CONVERSION = YES;
				CLANG_WARN_DEPRECATED_OBJC_IMPLEMENTATIONS = YES;
				CLANG_WARN_DIRECT_OBJC_ISA_USAGE = YES_ERROR;
				CLANG_WARN_DOCUMENTATION_COMMENTS = YES;
				CLANG_WARN_EMPTY_BODY = YES;
				CLANG_WARN_ENUM_CONVERSION = YES;
				CLANG_WARN_INFINITE_RECURSION = YES;
				CLANG_WARN_INT_CONVERSION = YES;
				CLANG_WARN_NON_LITERAL_NULL_CONVERSION = YES;
				CLANG_WARN_OBJC_IMPLICIT_RETAIN_SELF = YES;
				CLANG_WARN_OBJC_LITERAL_CONVERSION = YES;
				CLANG_WARN_OBJC_ROOT_CLASS = YES_ERROR;
				CLANG_WARN_QUOTED_INCLUDE_IN_FRAMEWORK_HEADER = YES;
				CLANG_WARN_RANGE_LOOP_ANALYSIS = YES;
				CLANG_WARN_STRICT_PROTOTYPES = YES;
				CLANG_WARN_SUSPICIOUS_MOVE = YES;
				CLANG_WARN_UNGUARDED_AVAILABILITY = YES_AGGRESSIVE;
				CLANG_WARN_UNREACHABLE_CODE = YES;
				CLANG_WARN__DUPLICATE_METHOD_MATCH = YES;
				COPY_PHASE_STRIP = NO;
				DEBUG_INFORMATION_FORMAT = dwarf;
				ENABLE_STRICT_OBJC_MSGSEND = YES;
				ENABLE_TESTABILITY = YES;
				GCC_C_LANGUAGE_STANDARD = gnu11;
				GCC_DYNAMIC_NO_PIC = NO;
				GCC_NO_COMMON_BLOCKS = YES;
				GCC_OPTIMIZATION_LEVEL = 0;
				GCC_PREPROCESSOR_DEFINITIONS = (
					"DEBUG=1",
					"$(inherited)",
				);
				GCC_WARN_64_TO_32_BIT_CONVERSION = YES;
				GCC_WARN_ABOUT_RETURN_TYPE = YES_ERROR;
				GCC_WARN_UNDECLARED_SELECTOR = YES;
				GCC_WARN_UNINITIALIZED_AUTOS = YES_AGGRESSIVE;
				GCC_WARN_UNUSED_FUNCTION = YES;
				GCC_WARN_UNUSED_VARIABLE = YES;
				IPHONEOS_DEPLOYMENT_TARGET = 15.4;
				MTL_ENABLE_DEBUG_INFO = INCLUDE_SOURCE;
				MTL_FAST_MATH = YES;
				ONLY_ACTIVE_ARCH = YES;
				SDKROOT = iphoneos;
				SWIFT_ACTIVE_COMPILATION_CONDITIONS = DEBUG;
				SWIFT_OPTIMIZATION_LEVEL = "-Onone";
			};
			name = Debug;
		};
		791A4AC0282775D1008395BF /* Release */ = {
			isa = XCBuildConfiguration;
			buildSettings = {
				ALWAYS_SEARCH_USER_PATHS = NO;
				CLANG_ANALYZER_NONNULL = YES;
				CLANG_ANALYZER_NUMBER_OBJECT_CONVERSION = YES_AGGRESSIVE;
				CLANG_CXX_LANGUAGE_STANDARD = "gnu++17";
				CLANG_ENABLE_MODULES = YES;
				CLANG_ENABLE_OBJC_ARC = YES;
				CLANG_ENABLE_OBJC_WEAK = YES;
				CLANG_WARN_BLOCK_CAPTURE_AUTORELEASING = YES;
				CLANG_WARN_BOOL_CONVERSION = YES;
				CLANG_WARN_COMMA = YES;
				CLANG_WARN_CONSTANT_CONVERSION = YES;
				CLANG_WARN_DEPRECATED_OBJC_IMPLEMENTATIONS = YES;
				CLANG_WARN_DIRECT_OBJC_ISA_USAGE = YES_ERROR;
				CLANG_WARN_DOCUMENTATION_COMMENTS = YES;
				CLANG_WARN_EMPTY_BODY = YES;
				CLANG_WARN_ENUM_CONVERSION = YES;
				CLANG_WARN_INFINITE_RECURSION = YES;
				CLANG_WARN_INT_CONVERSION = YES;
				CLANG_WARN_NON_LITERAL_NULL_CONVERSION = YES;
				CLANG_WARN_OBJC_IMPLICIT_RETAIN_SELF = YES;
				CLANG_WARN_OBJC_LITERAL_CONVERSION = YES;
				CLANG_WARN_OBJC_ROOT_CLASS = YES_ERROR;
				CLANG_WARN_QUOTED_INCLUDE_IN_FRAMEWORK_HEADER = YES;
				CLANG_WARN_RANGE_LOOP_ANALYSIS = YES;
				CLANG_WARN_STRICT_PROTOTYPES = YES;
				CLANG_WARN_SUSPICIOUS_MOVE = YES;
				CLANG_WARN_UNGUARDED_AVAILABILITY = YES_AGGRESSIVE;
				CLANG_WARN_UNREACHABLE_CODE = YES;
				CLANG_WARN__DUPLICATE_METHOD_MATCH = YES;
				COPY_PHASE_STRIP = NO;
				DEBUG_INFORMATION_FORMAT = "dwarf-with-dsym";
				ENABLE_NS_ASSERTIONS = NO;
				ENABLE_STRICT_OBJC_MSGSEND = YES;
				GCC_C_LANGUAGE_STANDARD = gnu11;
				GCC_NO_COMMON_BLOCKS = YES;
				GCC_WARN_64_TO_32_BIT_CONVERSION = YES;
				GCC_WARN_ABOUT_RETURN_TYPE = YES_ERROR;
				GCC_WARN_UNDECLARED_SELECTOR = YES;
				GCC_WARN_UNINITIALIZED_AUTOS = YES_AGGRESSIVE;
				GCC_WARN_UNUSED_FUNCTION = YES;
				GCC_WARN_UNUSED_VARIABLE = YES;
				IPHONEOS_DEPLOYMENT_TARGET = 15.4;
				MTL_ENABLE_DEBUG_INFO = NO;
				MTL_FAST_MATH = YES;
				SDKROOT = iphoneos;
				SWIFT_COMPILATION_MODE = wholemodule;
				SWIFT_OPTIMIZATION_LEVEL = "-O";
				VALIDATE_PRODUCT = YES;
			};
			name = Release;
		};
		791A4AC2282775D1008395BF /* Debug */ = {
			isa = XCBuildConfiguration;
			buildSettings = {
				ASSETCATALOG_COMPILER_APPICON_NAME = AppIcon;
				ASSETCATALOG_COMPILER_GLOBAL_ACCENT_COLOR_NAME = AccentColor;
				CODE_SIGN_STYLE = Automatic;
				CURRENT_PROJECT_VERSION = 1;
				DEVELOPMENT_ASSET_PATHS = "\"Redux pattern/Preview Content\"";
				DEVELOPMENT_TEAM = H5PD3P95F5;
				ENABLE_PREVIEWS = YES;
				GENERATE_INFOPLIST_FILE = YES;
				INFOPLIST_KEY_UIApplicationSceneManifest_Generation = YES;
				INFOPLIST_KEY_UIApplicationSupportsIndirectInputEvents = YES;
				INFOPLIST_KEY_UILaunchScreen_Generation = YES;
				INFOPLIST_KEY_UISupportedInterfaceOrientations_iPad = "UIInterfaceOrientationPortrait UIInterfaceOrientationPortraitUpsideDown UIInterfaceOrientationLandscapeLeft UIInterfaceOrientationLandscapeRight";
				INFOPLIST_KEY_UISupportedInterfaceOrientations_iPhone = "UIInterfaceOrientationPortrait UIInterfaceOrientationLandscapeLeft UIInterfaceOrientationLandscapeRight";
				LD_RUNPATH_SEARCH_PATHS = (
					"$(inherited)",
					"@executable_path/Frameworks",
				);
				MARKETING_VERSION = 1.0;
				PRODUCT_BUNDLE_IDENTIFIER = "kyuWorld.Redux-pattern";
				PRODUCT_NAME = "$(TARGET_NAME)";
				SWIFT_EMIT_LOC_STRINGS = YES;
				SWIFT_VERSION = 5.0;
				TARGETED_DEVICE_FAMILY = "1,2";
			};
			name = Debug;
		};
		791A4AC3282775D1008395BF /* Release */ = {
			isa = XCBuildConfiguration;
			buildSettings = {
				ASSETCATALOG_COMPILER_APPICON_NAME = AppIcon;
				ASSETCATALOG_COMPILER_GLOBAL_ACCENT_COLOR_NAME = AccentColor;
				CODE_SIGN_STYLE = Automatic;
				CURRENT_PROJECT_VERSION = 1;
				DEVELOPMENT_ASSET_PATHS = "\"Redux pattern/Preview Content\"";
				DEVELOPMENT_TEAM = H5PD3P95F5;
				ENABLE_PREVIEWS = YES;
				GENERATE_INFOPLIST_FILE = YES;
				INFOPLIST_KEY_UIApplicationSceneManifest_Generation = YES;
				INFOPLIST_KEY_UIApplicationSupportsIndirectInputEvents = YES;
				INFOPLIST_KEY_UILaunchScreen_Generation = YES;
				INFOPLIST_KEY_UISupportedInterfaceOrientations_iPad = "UIInterfaceOrientationPortrait UIInterfaceOrientationPortraitUpsideDown UIInterfaceOrientationLandscapeLeft UIInterfaceOrientationLandscapeRight";
				INFOPLIST_KEY_UISupportedInterfaceOrientations_iPhone = "UIInterfaceOrientationPortrait UIInterfaceOrientationLandscapeLeft UIInterfaceOrientationLandscapeRight";
				LD_RUNPATH_SEARCH_PATHS = (
					"$(inherited)",
					"@executable_path/Frameworks",
				);
				MARKETING_VERSION = 1.0;
				PRODUCT_BUNDLE_IDENTIFIER = "kyuWorld.Redux-pattern";
				PRODUCT_NAME = "$(TARGET_NAME)";
				SWIFT_EMIT_LOC_STRINGS = YES;
				SWIFT_VERSION = 5.0;
				TARGETED_DEVICE_FAMILY = "1,2";
			};
			name = Release;
		};
		791A4AC5282775D1008395BF /* Debug */ = {
			isa = XCBuildConfiguration;
			buildSettings = {
				ALWAYS_EMBED_SWIFT_STANDARD_LIBRARIES = YES;
				BUNDLE_LOADER = "$(TEST_HOST)";
				CODE_SIGN_STYLE = Automatic;
				CURRENT_PROJECT_VERSION = 1;
				DEVELOPMENT_TEAM = H5PD3P95F5;
				GENERATE_INFOPLIST_FILE = YES;
				IPHONEOS_DEPLOYMENT_TARGET = 15.4;
				MARKETING_VERSION = 1.0;
				PRODUCT_BUNDLE_IDENTIFIER = "kyuWorld.Redux-patternTests";
				PRODUCT_NAME = "$(TARGET_NAME)";
				SWIFT_EMIT_LOC_STRINGS = NO;
				SWIFT_VERSION = 5.0;
				TARGETED_DEVICE_FAMILY = "1,2";
				TEST_HOST = "$(BUILT_PRODUCTS_DIR)/Redux pattern.app/Redux pattern";
			};
			name = Debug;
		};
		791A4AC6282775D1008395BF /* Release */ = {
			isa = XCBuildConfiguration;
			buildSettings = {
				ALWAYS_EMBED_SWIFT_STANDARD_LIBRARIES = YES;
				BUNDLE_LOADER = "$(TEST_HOST)";
				CODE_SIGN_STYLE = Automatic;
				CURRENT_PROJECT_VERSION = 1;
				DEVELOPMENT_TEAM = H5PD3P95F5;
				GENERATE_INFOPLIST_FILE = YES;
				IPHONEOS_DEPLOYMENT_TARGET = 15.4;
				MARKETING_VERSION = 1.0;
				PRODUCT_BUNDLE_IDENTIFIER = "kyuWorld.Redux-patternTests";
				PRODUCT_NAME = "$(TARGET_NAME)";
				SWIFT_EMIT_LOC_STRINGS = NO;
				SWIFT_VERSION = 5.0;
				TARGETED_DEVICE_FAMILY = "1,2";
				TEST_HOST = "$(BUILT_PRODUCTS_DIR)/Redux pattern.app/Redux pattern";
			};
			name = Release;
		};
		791A4AC8282775D1008395BF /* Debug */ = {
			isa = XCBuildConfiguration;
			buildSettings = {
				ALWAYS_EMBED_SWIFT_STANDARD_LIBRARIES = YES;
				CODE_SIGN_STYLE = Automatic;
				CURRENT_PROJECT_VERSION = 1;
				DEVELOPMENT_TEAM = H5PD3P95F5;
				GENERATE_INFOPLIST_FILE = YES;
				MARKETING_VERSION = 1.0;
				PRODUCT_BUNDLE_IDENTIFIER = "kyuWorld.Redux-patternUITests";
				PRODUCT_NAME = "$(TARGET_NAME)";
				SWIFT_EMIT_LOC_STRINGS = NO;
				SWIFT_VERSION = 5.0;
				TARGETED_DEVICE_FAMILY = "1,2";
				TEST_TARGET_NAME = "Redux pattern";
			};
			name = Debug;
		};
		791A4AC9282775D1008395BF /* Release */ = {
			isa = XCBuildConfiguration;
			buildSettings = {
				ALWAYS_EMBED_SWIFT_STANDARD_LIBRARIES = YES;
				CODE_SIGN_STYLE = Automatic;
				CURRENT_PROJECT_VERSION = 1;
				DEVELOPMENT_TEAM = H5PD3P95F5;
				GENERATE_INFOPLIST_FILE = YES;
				MARKETING_VERSION = 1.0;
				PRODUCT_BUNDLE_IDENTIFIER = "kyuWorld.Redux-patternUITests";
				PRODUCT_NAME = "$(TARGET_NAME)";
				SWIFT_EMIT_LOC_STRINGS = NO;
				SWIFT_VERSION = 5.0;
				TARGETED_DEVICE_FAMILY = "1,2";
				TEST_TARGET_NAME = "Redux pattern";
			};
			name = Release;
		};
/* End XCBuildConfiguration section */

/* Begin XCConfigurationList section */
		791A4A98282775CF008395BF /* Build configuration list for PBXProject "Redux pattern" */ = {
			isa = XCConfigurationList;
			buildConfigurations = (
				791A4ABF282775D1008395BF /* Debug */,
				791A4AC0282775D1008395BF /* Release */,
			);
			defaultConfigurationIsVisible = 0;
			defaultConfigurationName = Release;
		};
		791A4AC1282775D1008395BF /* Build configuration list for PBXNativeTarget "Redux pattern" */ = {
			isa = XCConfigurationList;
			buildConfigurations = (
				791A4AC2282775D1008395BF /* Debug */,
				791A4AC3282775D1008395BF /* Release */,
			);
			defaultConfigurationIsVisible = 0;
			defaultConfigurationName = Release;
		};
		791A4AC4282775D1008395BF /* Build configuration list for PBXNativeTarget "Redux patternTests" */ = {
			isa = XCConfigurationList;
			buildConfigurations = (
				791A4AC5282775D1008395BF /* Debug */,
				791A4AC6282775D1008395BF /* Release */,
			);
			defaultConfigurationIsVisible = 0;
			defaultConfigurationName = Release;
		};
		791A4AC7282775D1008395BF /* Build configuration list for PBXNativeTarget "Redux patternUITests" */ = {
			isa = XCConfigurationList;
			buildConfigurations = (
				791A4AC8282775D1008395BF /* Debug */,
				791A4AC9282775D1008395BF /* Release */,
			);
			defaultConfigurationIsVisible = 0;
			defaultConfigurationName = Release;
		};
/* End XCConfigurationList section */
	};
	rootObject = 791A4A95282775CF008395BF /* Project object */;
}
